
Microsoft Visual Studio Solution File, Format Version 12.00
# Visual Studio Version 17
VisualStudioVersion = 17.3.32929.385
MinimumVisualStudioVersion = 10.0.40219.1
Project("{FAE04EC0-301F-11D3-BF4B-00C04F79EFBC}") = "C-Sharp_Module3", "C-Sharp_Module3\C-Sharp_Module3.csproj", "{3679E64F-263F-40EA-B989-67D862F7F0D8}"
EndProject
Global
	GlobalSection(SolutionConfigurationPlatforms) = preSolution
		Debug|Any CPU = Debug|Any CPU
		Release|Any CPU = Release|Any CPU
	EndGlobalSection
	GlobalSection(ProjectConfigurationPlatforms) = postSolution
		{3679E64F-263F-40EA-B989-67D862F7F0D8}.Debug|Any CPU.ActiveCfg = Debug|Any CPU
		{3679E64F-263F-40EA-B989-67D862F7F0D8}.Debug|Any CPU.Build.0 = Debug|Any CPU
		{3679E64F-263F-40EA-B989-67D862F7F0D8}.Release|Any CPU.ActiveCfg = Release|Any CPU
		{3679E64F-263F-40EA-B989-67D862F7F0D8}.Release|Any CPU.Build.0 = Release|Any CPU
	EndGlobalSection
	GlobalSection(SolutionProperties) = preSolution
		HideSolutionNode = FALSE
	EndGlobalSection
	GlobalSection(ExtensibilityGlobals) = postSolution
		SolutionGuid = {FC2796FC-CC8B-4FBD-9C1D-EA2A39B01933}
	EndGlobalSection
EndGlobal
